Microsoft Visual Studio Solution File, Format Version 12.00
# Visual Studio Version 17
VisualStudioVersion = 17.5.2.0
MinimumVisualStudioVersion = 10.0.40219.1
Project("{FAE04EC0-301F-11D3-BF4B-00C04F79EFBC}") = "tbReserva", "tbReserva.csproj", "{5603E1F7-21B3-5938-EBA9-64075DD2BF81}"
EndProject
Global
	GlobalSection(SolutionConfigurationPlatforms) = preSolution
		Debug|Any CPU = Debug|Any CPU
		Release|Any CPU = Release|Any CPU
	EndGlobalSection
	GlobalSection(ProjectConfigurationPlatforms) = postSolution
		{5603E1F7-21B3-5938-EBA9-64075DD2BF81}.Debug|Any CPU.ActiveCfg = Debug|Any CPU
		{5603E1F7-21B3-5938-EBA9-64075DD2BF81}.Debug|Any CPU.Build.0 = Debug|Any CPU
		{5603E1F7-21B3-5938-EBA9-64075DD2BF81}.Release|Any CPU.ActiveCfg = Release|Any CPU
		{5603E1F7-21B3-5938-EBA9-64075DD2BF81}.Release|Any CPU.Build.0 = Release|Any CPU
	EndGlobalSection
	GlobalSection(SolutionProperties) = preSolution
		HideSolutionNode = FALSE
	EndGlobalSection
	GlobalSection(ExtensibilityGlobals) = postSolution
		SolutionGuid = {21F4CC72-2819-4D30-8D5F-5C3C4C92AA6B}
	EndGlobalSection
EndGlobal
